// !$*UTF8*$!
{
	archiveVersion = 1;
	classes = {
	};
	objectVersion = 77;
	objects = {

/* Begin PBXContainerItemProxy section */
		2757FDD02E5EE43F005DF46A /* PBXContainerItemProxy */ = {
			isa = PBXContainerItemProxy;
			containerPortal = 2757FDBA2E5EE43D005DF46A /* Project object */;
			proxyType = 1;
			remoteGlobalIDString = 2757FDC12E5EE43D005DF46A;
			remoteInfo = "List and Scroll View";
		};
		2757FDDA2E5EE43F005DF46A /* PBXContainerItemProxy */ = {
			isa = PBXContainerItemProxy;
			containerPortal = 2757FDBA2E5EE43D005DF46A /* Project object */;
			proxyType = 1;
			remoteGlobalIDString = 2757FDC12E5EE43D005DF46A;
			remoteInfo = "List and Scroll View";
		};
/* End PBXContainerItemProxy section */

/* Begin PBXFileReference section */
		2757FDC22E5EE43D005DF46A /* List and Scroll View.app */ = {isa = PBXFileReference; explicitFileType = wrapper.application; includeInIndex = 0; path = "List and Scroll View.app"; sourceTree = BUILT_PRODUCTS_DIR; };
		2757FDCF2E5EE43F005DF46A /* List and Scroll ViewTests.xctest */ = {isa = PBXFileReference; explicitFileType = wrapper.cfbundle; includeInIndex = 0; path = "List and Scroll ViewTests.xctest"; sourceTree = BUILT_PRODUCTS_DIR; };
		2757FDD92E5EE43F005DF46A /* List and Scroll ViewUITests.xctest */ = {isa = PBXFileReference; explicitFileType = wrapper.cfbundle; includeInIndex = 0; path = "List and Scroll ViewUITests.xctest"; sourceTree = BUILT_PRODUCTS_DIR; };
/* End PBXFileReference section */

/* Begin PBXFileSystemSynchronizedRootGroup section */
		2757FDC42E5EE43D005DF46A /* List and Scroll View */ = {
			isa = PBXFileSystemSynchronizedRootGroup;
			path = "List and Scroll View";
			sourceTree = "<group>";
		};
		2757FDD22E5EE43F005DF46A /* List and Scroll ViewTests */ = {
			isa = PBXFileSystemSynchronizedRootGroup;
			path = "List and Scroll ViewTests";
			sourceTree = "<group>";
		};
		2757FDDC2E5EE43F005DF46A /* List and Scroll ViewUITests */ = {
			isa = PBXFileSystemSynchronizedRootGroup;
			path = "List and Scroll ViewUITests";
			sourceTree = "<group>";
		};
/* End PBXFileSystemSynchronizedRootGroup section */

/* Begin PBXFrameworksBuildPhase section */
		2757FDBF2E5EE43D005DF46A /* Frameworks */ = {
			isa = PBXFrameworksBuildPhase;
			buildActionMask = 2147483647;
			files = (
			);
			runOnlyForDeploymentPostprocessing = 0;
		};
		2757FDCC2E5EE43F005DF46A /* Frameworks */ = {
			isa = PBXFrameworksBuildPhase;
			buildActionMask = 2147483647;
			files = (
			);
			runOnlyForDeploymentPostprocessing = 0;
		};
		2757FDD62E5EE43F005DF46A /* Frameworks */ = {
			isa = PBXFrameworksBuildPhase;
			buildActionMask = 2147483647;
			files = (
			);
			runOnlyForDeploymentPostprocessing = 0;
		};
/* End PBXFrameworksBuildPhase section */

/* Begin PBXGroup section */
		2757FDB92E5EE43D005DF46A = {
			isa = PBXGroup;
			children = (
				2757FDC42E5EE43D005DF46A /* List and Scroll View */,
				2757FDD22E5EE43F005DF46A /* List and Scroll ViewTests */,
				2757FDDC2E5EE43F005DF46A /* List and Scroll ViewUITests */,
				2757FDC32E5EE43D005DF46A /* Products */,
			);
			sourceTree = "<group>";
		};
		2757FDC32E5EE43D005DF46A /* Products */ = {
			isa = PBXGroup;
			children = (
				2757FDC22E5EE43D005DF46A /* List and Scroll View.app */,
				2757FDCF2E5EE43F005DF46A /* List and Scroll ViewTests.xctest */,
				2757FDD92E5EE43F005DF46A /* List and Scroll ViewUITests.xctest */,
			);
			name = Products;
			sourceTree = "<group>";
		};
/* End PBXGroup section */

/* Begin PBXNativeTarget section */
		2757FDC12E5EE43D005DF46A /* List and Scroll View */ = {
			isa = PBXNativeTarget;
			buildConfigurationList = 2757FDE32E5EE43F005DF46A /* Build configuration list for PBXNativeTarget "List and Scroll View" */;
			buildPhases = (
				2757FDBE2E5EE43D005DF46A /* Sources */,
				2757FDBF2E5EE43D005DF46A /* Frameworks */,
				2757FDC02E5EE43D005DF46A /* Resources */,
			);
			buildRules = (
			);
			dependencies = (
			);
			fileSystemSynchronizedGroups = (
				2757FDC42E5EE43D005DF46A /* List and Scroll View */,
			);
			name = "List and Scroll View";
			packageProductDependencies = (
			);
			productName = "List and Scroll View";
			productReference = 2757FDC22E5EE43D005DF46A /* List and Scroll View.app */;
			productType = "com.apple.product-type.application";
		};
		2757FDCE2E5EE43F005DF46A /* List and Scroll ViewTests */ = {
			isa = PBXNativeTarget;
			buildConfigurationList = 2757FDE62E5EE43F005DF46A /* Build configuration list for PBXNativeTarget "List and Scroll ViewTests" */;
			buildPhases = (
				2757FDCB2E5EE43F005DF46A /* Sources */,
				2757FDCC2E5EE43F005DF46A /* Frameworks */,
				2757FDCD2E5EE43F005DF46A /* Resources */,
			);
			buildRules = (
			);
			dependencies = (
				2757FDD12E5EE43F005DF46A /* PBXTargetDependency */,
			);
			fileSystemSynchronizedGroups = (
				2757FDD22E5EE43F005DF46A /* List and Scroll ViewTests */,
			);
			name = "List and Scroll ViewTests";
			packageProductDependencies = (
			);
			productName = "List and Scroll ViewTests";
			productReference = 2757FDCF2E5EE43F005DF46A /* List and Scroll ViewTests.xctest */;
			productType = "com.apple.product-type.bundle.unit-test";
		};
		2757FDD82E5EE43F005DF46A /* List and Scroll ViewUITests */ = {
			isa = PBXNativeTarget;
			buildConfigurationList = 2757FDE92E5EE43F005DF46A /* Build configuration list for PBXNativeTarget "List and Scroll ViewUITests" */;
			buildPhases = (
				2757FDD52E5EE43F005DF46A /* Sources */,
				2757FDD62E5EE43F005DF46A /* Frameworks */,
				2757FDD72E5EE43F005DF46A /* Resources */,
			);
			buildRules = (
			);
			dependencies = (
				2757FDDB2E5EE43F005DF46A /* PBXTargetDependency */,
			);
			fileSystemSynchronizedGroups = (
				2757FDDC2E5EE43F005DF46A /* List and Scroll ViewUITests */,
			);
			name = "List and Scroll ViewUITests";
			packageProductDependencies = (
			);
			productName = "List and Scroll ViewUITests";
			productReference = 2757FDD92E5EE43F005DF46A /* List and Scroll ViewUITests.xctest */;
			productType = "com.apple.product-type.bundle.ui-testing";
		};
/* End PBXNativeTarget section */

/* Begin PBXProject section */
		2757FDBA2E5EE43D005DF46A /* Project object */ = {
			isa = PBXProject;
			attributes = {
				BuildIndependentTargetsInParallel = 1;
				LastSwiftUpdateCheck = 1640;
				LastUpgradeCheck = 1640;
				TargetAttributes = {
					2757FDC12E5EE43D005DF46A = {
						CreatedOnToolsVersion = 16.4;
					};
					2757FDCE2E5EE43F005DF46A = {
						CreatedOnToolsVersion = 16.4;
						TestTargetID = 2757FDC12E5EE43D005DF46A;
					};
					2757FDD82E5EE43F005DF46A = {
						CreatedOnToolsVersion = 16.4;
						TestTargetID = 2757FDC12E5EE43D005DF46A;
					};
				};
			};
			buildConfigurationList = 2757FDBD2E5EE43D005DF46A /* Build configuration list for PBXProject "List and Scroll View" */;
			developmentRegion = en;
			hasScannedForEncodings = 0;
			knownRegions = (
				en,
				Base,
			);
			mainGroup = 2757FDB92E5EE43D005DF46A;
			minimizedProjectReferenceProxies = 1;
			preferredProjectObjectVersion = 77;
			productRefGroup = 2757FDC32E5EE43D005DF46A /* Products */;
			projectDirPath = "";
			projectRoot = "";
			targets = (
				2757FDC12E5EE43D005DF46A /* List and Scroll View */,
				2757FDCE2E5EE43F005DF46A /* List and Scroll ViewTests */,
				2757FDD82E5EE43F005DF46A /* List and Scroll ViewUITests */,
			);
		};
/* End PBXProject section */

/* Begin PBXResourcesBuildPhase section */
		2757FDC02E5EE43D005DF46A /* Resources */ = {
			isa = PBXResourcesBuildPhase;
			buildActionMask = 2147483647;
			files = (
			);
			runOnlyForDeploymentPostprocessing = 0;
		};
		2757FDCD2E5EE43F005DF46A /* Resources */ = {
			isa = PBXResourcesBuildPhase;
			buildActionMask = 2147483647;
			files = (
			);
			runOnlyForDeploymentPostprocessing = 0;
		};
		2757FDD72E5EE43F005DF46A /* Resources */ = {
			isa = PBXResourcesBuildPhase;
			buildActionMask = 2147483647;
			files = (
			);
			runOnlyForDeploymentPostprocessing = 0;
		};
/* End PBXResourcesBuildPhase section */

/* Begin PBXSourcesBuildPhase section */
		2757FDBE2E5EE43D005DF46A /* Sources */ = {
			isa = PBXSourcesBuildPhase;
			buildActionMask = 2147483647;
			files = (
			);
			runOnlyForDeploymentPostprocessing = 0;
		};
		2757FDCB2E5EE43F005DF46A /* Sources */ = {
			isa = PBXSourcesBuildPhase;
			buildActionMask = 2147483647;
			files = (
			);
			runOnlyForDeploymentPostprocessing = 0;
		};
		2757FDD52E5EE43F005DF46A /* Sources */ = {
			isa = PBXSourcesBuildPhase;
			buildActionMask = 2147483647;
			files = (
			);
			runOnlyForDeploymentPostprocessing = 0;
		};
/* End PBXSourcesBuildPhase section */

/* Begin PBXTargetDependency section */
		2757FDD12E5EE43F005DF46A /* PBXTargetDependency */ = {
			isa = PBXTargetDependency;
			target = 2757FDC12E5EE43D005DF46A /* List and Scroll View */;
			targetProxy = 2757FDD02E5EE43F005DF46A /* PBXContainerItemProxy */;
		};
		2757FDDB2E5EE43F005DF46A /* PBXTargetDependency */ = {
			isa = PBXTargetDependency;
			target = 2757FDC12E5EE43D005DF46A /* List and Scroll View */;
			targetProxy = 2757FDDA2E5EE43F005DF46A /* PBXContainerItemProxy */;
		};
/* End PBXTargetDependency section */

/* Begin XCBuildConfiguration section */
		2757FDE12E5EE43F005DF46A /* Debug */ = {
			isa = XCBuildConfiguration;
			buildSettings = {
				ALWAYS_SEARCH_USER_PATHS = NO;
				ASSETCATALOG_COMPILER_GENERATE_SWIFT_ASSET_SYMBOL_EXTENSIONS = YES;
				CLANG_ANALYZER_NONNULL = YES;
				CLANG_ANALYZER_NUMBER_OBJECT_CONVERSION = YES_AGGRESSIVE;
				CLANG_CXX_LANGUAGE_STANDARD = "gnu++20";
				CLANG_ENABLE_MODULES = YES;
				CLANG_ENABLE_OBJC_ARC = YES;
				CLANG_ENABLE_OBJC_WEAK = YES;
				CLANG_WARN_BLOCK_CAPTURE_AUTORELEASING = YES;
				CLANG_WARN_BOOL_CONVERSION = YES;
				CLANG_WARN_COMMA = YES;
				CLANG_WARN_CONSTANT_CONVERSION = YES;
				CLANG_WARN_DEPRECATED_OBJC_IMPLEMENTATIONS = YES;
				CLANG_WARN_DIRECT_OBJC_ISA_USAGE = YES_ERROR;
				CLANG_WARN_DOCUMENTATION_COMMENTS = YES;
				CLANG_WARN_EMPTY_BODY = YES;
				CLANG_WARN_ENUM_CONVERSION = YES;
				CLANG_WARN_INFINITE_RECURSION = YES;
				CLANG_WARN_INT_CONVERSION = YES;
				CLANG_WARN_NON_LITERAL_NULL_CONVERSION = YES;
				CLANG_WARN_OBJC_IMPLICIT_RETAIN_SELF = YES;
				CLANG_WARN_OBJC_LITERAL_CONVERSION = YES;
				CLANG_WARN_OBJC_ROOT_CLASS = YES_ERROR;
				CLANG_WARN_QUOTED_INCLUDE_IN_FRAMEWORK_HEADER = YES;
				CLANG_WARN_RANGE_LOOP_ANALYSIS = YES;
				CLANG_WARN_STRICT_PROTOTYPES = YES;
				CLANG_WARN_SUSPICIOUS_MOVE = YES;
				CLANG_WARN_UNGUARDED_AVAILABILITY = YES_AGGRESSIVE;
				CLANG_WARN_UNREACHABLE_CODE = YES;
				CLANG_WARN__DUPLICATE_METHOD_MATCH = YES;
				COPY_PHASE_STRIP = NO;
				DEBUG_INFORMATION_FORMAT = dwarf;
				ENABLE_STRICT_OBJC_MSGSEND = YES;
				ENABLE_TESTABILITY = YES;
				ENABLE_USER_SCRIPT_SANDBOXING = YES;
				GCC_C_LANGUAGE_STANDARD = gnu17;
				GCC_DYNAMIC_NO_PIC = NO;
				GCC_NO_COMMON_BLOCKS = YES;
				GCC_OPTIMIZATION_LEVEL = 0;
				GCC_PREPROCESSOR_DEFINITIONS = (
					"DEBUG=1",
					"$(inherited)",
				);
				GCC_WARN_64_TO_32_BIT_CONVERSION = YES;
				GCC_WARN_ABOUT_RETURN_TYPE = YES_ERROR;
				GCC_WARN_UNDECLARED_SELECTOR = YES;
				GCC_WARN_UNINITIALIZED_AUTOS = YES_AGGRESSIVE;
				GCC_WARN_UNUSED_FUNCTION = YES;
				GCC_WARN_UNUSED_VARIABLE = YES;
				IPHONEOS_DEPLOYMENT_TARGET = 18.5;
				LOCALIZATION_PREFERS_STRING_CATALOGS = YES;
				MTL_ENABLE_DEBUG_INFO = INCLUDE_SOURCE;
				MTL_FAST_MATH = YES;
				ONLY_ACTIVE_ARCH = YES;
				SDKROOT = iphoneos;
				SWIFT_ACTIVE_COMPILATION_CONDITIONS = "DEBUG $(inherited)";
				SWIFT_OPTIMIZATION_LEVEL = "-Onone";
			};
			name = Debug;
		};
		2757FDE22E5EE43F005DF46A /* Release */ = {
			isa = XCBuildConfiguration;
			buildSettings = {
				ALWAYS_SEARCH_USER_PATHS = NO;
				ASSETCATALOG_COMPILER_GENERATE_SWIFT_ASSET_SYMBOL_EXTENSIONS = YES;
				CLANG_ANALYZER_NONNULL = YES;
				CLANG_ANALYZER_NUMBER_OBJECT_CONVERSION = YES_AGGRESSIVE;
				CLANG_CXX_LANGUAGE_STANDARD = "gnu++20";
				CLANG_ENABLE_MODULES = YES;
				CLANG_ENABLE_OBJC_ARC = YES;
				CLANG_ENABLE_OBJC_WEAK = YES;
				CLANG_WARN_BLOCK_CAPTURE_AUTORELEASING = YES;
				CLANG_WARN_BOOL_CONVERSION = YES;
				CLANG_WARN_COMMA = YES;
				CLANG_WARN_CONSTANT_CONVERSION = YES;
				CLANG_WARN_DEPRECATED_OBJC_IMPLEMENTATIONS = YES;
				CLANG_WARN_DIRECT_OBJC_ISA_USAGE = YES_ERROR;
				CLANG_WARN_DOCUMENTATION_COMMENTS = YES;
				CLANG_WARN_EMPTY_BODY = YES;
				CLANG_WARN_ENUM_CONVERSION = YES;
				CLANG_WARN_INFINITE_RECURSION = YES;
				CLANG_WARN_INT_CONVERSION = YES;
				CLANG_WARN_NON_LITERAL_NULL_CONVERSION = YES;
				CLANG_WARN_OBJC_IMPLICIT_RETAIN_SELF = YES;
				CLANG_WARN_OBJC_LITERAL_CONVERSION = YES;
				CLANG_WARN_OBJC_ROOT_CLASS = YES_ERROR;
				CLANG_WARN_QUOTED_INCLUDE_IN_FRAMEWORK_HEADER = YES;
				CLANG_WARN_RANGE_LOOP_ANALYSIS = YES;
				CLANG_WARN_STRICT_PROTOTYPES = YES;
				CLANG_WARN_SUSPICIOUS_MOVE = YES;
				CLANG_WARN_UNGUARDED_AVAILABILITY = YES_AGGRESSIVE;
				CLANG_WARN_UNREACHABLE_CODE = YES;
				CLANG_WARN__DUPLICATE_METHOD_MATCH = YES;
				COPY_PHASE_STRIP = NO;
				DEBUG_INFORMATION_FORMAT = "dwarf-with-dsym";
				ENABLE_NS_ASSERTIONS = NO;
				ENABLE_STRICT_OBJC_MSGSEND = YES;
				ENABLE_USER_SCRIPT_SANDBOXING = YES;
				GCC_C_LANGUAGE_STANDARD = gnu17;
				GCC_NO_COMMON_BLOCKS = YES;
				GCC_WARN_64_TO_32_BIT_CONVERSION = YES;
				GCC_WARN_ABOUT_RETURN_TYPE = YES_ERROR;
				GCC_WARN_UNDECLARED_SELECTOR = YES;
				GCC_WARN_UNINITIALIZED_AUTOS = YES_AGGRESSIVE;
				GCC_WARN_UNUSED_FUNCTION = YES;
				GCC_WARN_UNUSED_VARIABLE = YES;
				IPHONEOS_DEPLOYMENT_TARGET = 18.5;
				LOCALIZATION_PREFERS_STRING_CATALOGS = YES;
				MTL_ENABLE_DEBUG_INFO = NO;
				MTL_FAST_MATH = YES;
				SDKROOT = iphoneos;
				SWIFT_COMPILATION_MODE = wholemodule;
				VALIDATE_PRODUCT = YES;
			};
			name = Release;
		};
		2757FDE42E5EE43F005DF46A /* Debug */ = {
			isa = XCBuildConfiguration;
			buildSettings = {
				ASSETCATALOG_COMPILER_APPICON_NAME = AppIcon;
				ASSETCATALOG_COMPILER_GLOBAL_ACCENT_COLOR_NAME = AccentColor;
				CODE_SIGN_STYLE = Automatic;
				CURRENT_PROJECT_VERSION = 1;
				ENABLE_PREVIEWS = YES;
				GENERATE_INFOPLIST_FILE = YES;
				INFOPLIST_KEY_UIApplicationSceneManifest_Generation = YES;
				INFOPLIST_KEY_UIApplicationSupportsIndirectInputEvents = YES;
				INFOPLIST_KEY_UILaunchScreen_Generation = YES;
				INFOPLIST_KEY_UISupportedInterfaceOrientations_iPad = "UIInterfaceOrientationPortrait UIInterfaceOrientationPortraitUpsideDown UIInterfaceOrientationLandscapeLeft UIInterfaceOrientationLandscapeRight";
				INFOPLIST_KEY_UISupportedInterfaceOrientations_iPhone = "UIInterfaceOrientationPortrait UIInterfaceOrientationLandscapeLeft UIInterfaceOrientationLandscapeRight";
				LD_RUNPATH_SEARCH_PATHS = (
					"$(inherited)",
					"@executable_path/Frameworks",
				);
				MARKETING_VERSION = 1.0;
				PRODUCT_BUNDLE_IDENTIFIER = "com.Aftaab777.List-and-Scroll-View";
				PRODUCT_NAME = "$(TARGET_NAME)";
				SWIFT_EMIT_LOC_STRINGS = YES;
				SWIFT_VERSION = 5.0;
				TARGETED_DEVICE_FAMILY = "1,2";
			};
			name = Debug;
		};
		2757FDE52E5EE43F005DF46A /* Release */ = {
			isa = XCBuildConfiguration;
			buildSettings = {
				ASSETCATALOG_COMPILER_APPICON_NAME = AppIcon;
				ASSETCATALOG_COMPILER_GLOBAL_ACCENT_COLOR_NAME = AccentColor;
				CODE_SIGN_STYLE = Automatic;
				CURRENT_PROJECT_VERSION = 1;
				ENABLE_PREVIEWS = YES;
				GENERATE_INFOPLIST_FILE = YES;
				INFOPLIST_KEY_UIApplicationSceneManifest_Generation = YES;
				INFOPLIST_KEY_UIApplicationSupportsIndirectInputEvents = YES;
				INFOPLIST_KEY_UILaunchScreen_Generation = YES;
				INFOPLIST_KEY_UISupportedInterfaceOrientations_iPad = "UIInterfaceOrientationPortrait UIInterfaceOrientationPortraitUpsideDown UIInterfaceOrientationLandscapeLeft UIInterfaceOrientationLandscapeRight";
				INFOPLIST_KEY_UISupportedInterfaceOrientations_iPhone = "UIInterfaceOrientationPortrait UIInterfaceOrientationLandscapeLeft UIInterfaceOrientationLandscapeRight";
				LD_RUNPATH_SEARCH_PATHS = (
					"$(inherited)",
					"@executable_path/Frameworks",
				);
				MARKETING_VERSION = 1.0;
				PRODUCT_BUNDLE_IDENTIFIER = "com.Aftaab777.List-and-Scroll-View";
				PRODUCT_NAME = "$(TARGET_NAME)";
				SWIFT_EMIT_LOC_STRINGS = YES;
				SWIFT_VERSION = 5.0;
				TARGETED_DEVICE_FAMILY = "1,2";
			};
			name = Release;
		};
		2757FDE72E5EE43F005DF46A /* Debug */ = {
			isa = XCBuildConfiguration;
			buildSettings = {
				BUNDLE_LOADER = "$(TEST_HOST)";
				CODE_SIGN_STYLE = Automatic;
				CURRENT_PROJECT_VERSION = 1;
				GENERATE_INFOPLIST_FILE = YES;
				IPHONEOS_DEPLOYMENT_TARGET = 18.5;
				MARKETING_VERSION = 1.0;
				PRODUCT_BUNDLE_IDENTIFIER = "com.Aftaab777.List-and-Scroll-ViewTests";
				PRODUCT_NAME = "$(TARGET_NAME)";
				SWIFT_EMIT_LOC_STRINGS = NO;
				SWIFT_VERSION = 5.0;
				TARGETED_DEVICE_FAMILY = "1,2";
				TEST_HOST = "$(BUILT_PRODUCTS_DIR)/List and Scroll View.app/$(BUNDLE_EXECUTABLE_FOLDER_PATH)/List and Scroll View";
			};
			name = Debug;
		};
		2757FDE82E5EE43F005DF46A /* Release */ = {
			isa = XCBuildConfiguration;
			buildSettings = {
				BUNDLE_LOADER = "$(TEST_HOST)";
				CODE_SIGN_STYLE = Automatic;
				CURRENT_PROJECT_VERSION = 1;
				GENERATE_INFOPLIST_FILE = YES;
				IPHONEOS_DEPLOYMENT_TARGET = 18.5;
				MARKETING_VERSION = 1.0;
				PRODUCT_BUNDLE_IDENTIFIER = "com.Aftaab777.List-and-Scroll-ViewTests";
				PRODUCT_NAME = "$(TARGET_NAME)";
				SWIFT_EMIT_LOC_STRINGS = NO;
				SWIFT_VERSION = 5.0;
				TARGETED_DEVICE_FAMILY = "1,2";
				TEST_HOST = "$(BUILT_PRODUCTS_DIR)/List and Scroll View.app/$(BUNDLE_EXECUTABLE_FOLDER_PATH)/List and Scroll View";
			};
			name = Release;
		};
		2757FDEA2E5EE43F005DF46A /* Debug */ = {
			isa = XCBuildConfiguration;
			buildSettings = {
				CODE_SIGN_STYLE = Automatic;
				CURRENT_PROJECT_VERSION = 1;
				GENERATE_INFOPLIST_FILE = YES;
				MARKETING_VERSION = 1.0;
				PRODUCT_BUNDLE_IDENTIFIER = "com.Aftaab777.List-and-Scroll-ViewUITests";
				PRODUCT_NAME = "$(TARGET_NAME)";
				SWIFT_EMIT_LOC_STRINGS = NO;
				SWIFT_VERSION = 5.0;
				TARGETED_DEVICE_FAMILY = "1,2";
				TEST_TARGET_NAME = "List and Scroll View";
			};
			name = Debug;
		};
		2757FDEB2E5EE43F005DF46A /* Release */ = {
			isa = XCBuildConfiguration;
			buildSettings = {
				CODE_SIGN_STYLE = Automatic;
				CURRENT_PROJECT_VERSION = 1;
				GENERATE_INFOPLIST_FILE = YES;
				MARKETING_VERSION = 1.0;
				PRODUCT_BUNDLE_IDENTIFIER = "com.Aftaab777.List-and-Scroll-ViewUITests";
				PRODUCT_NAME = "$(TARGET_NAME)";
				SWIFT_EMIT_LOC_STRINGS = NO;
				SWIFT_VERSION = 5.0;
				TARGETED_DEVICE_FAMILY = "1,2";
				TEST_TARGET_NAME = "List and Scroll View";
			};
			name = Release;
		};
/* End XCBuildConfiguration section */

/* Begin XCConfigurationList section */
		2757FDBD2E5EE43D005DF46A /* Build configuration list for PBXProject "List and Scroll View" */ = {
			isa = XCConfigurationList;
			buildConfigurations = (
				2757FDE12E5EE43F005DF46A /* Debug */,
				2757FDE22E5EE43F005DF46A /* Release */,
			);
			defaultConfigurationIsVisible = 0;
			defaultConfigurationName = Release;
		};
		2757FDE32E5EE43F005DF46A /* Build configuration list for PBXNativeTarget "List and Scroll View" */ = {
			isa = XCConfigurationList;
			buildConfigurations = (
				2757FDE42E5EE43F005DF46A /* Debug */,
				2757FDE52E5EE43F005DF46A /* Release */,
			);
			defaultConfigurationIsVisible = 0;
			defaultConfigurationName = Release;
		};
		2757FDE62E5EE43F005DF46A /* Build configuration list for PBXNativeTarget "List and Scroll ViewTests" */ = {
			isa = XCConfigurationList;
			buildConfigurations = (
				2757FDE72E5EE43F005DF46A /* Debug */,
				2757FDE82E5EE43F005DF46A /* Release */,
			);
			defaultConfigurationIsVisible = 0;
			defaultConfigurationName = Release;
		};
		2757FDE92E5EE43F005DF46A /* Build configuration list for PBXNativeTarget "List and Scroll ViewUITests" */ = {
			isa = XCConfigurationList;
			buildConfigurations = (
				2757FDEA2E5EE43F005DF46A /* Debug */,
				2757FDEB2E5EE43F005DF46A /* Release */,
			);
			defaultConfigurationIsVisible = 0;
			defaultConfigurationName = Release;
		};
/* End XCConfigurationList section */
	};
	rootObject = 2757FDBA2E5EE43D005DF46A /* Project object */;
}
